
Microsoft Visual Studio Solution File, Format Version 12.00
Project("{FAE04EC0-301F-11D3-BF4B-00C04F79EFBC}") = "wordle", "wordle\wordle.csproj", "{EFE76047-9136-40C8-AE58-CBB6FD1571F5}"
EndProject
Global
	GlobalSection(SolutionConfigurationPlatforms) = preSolution
		Debug|Any CPU = Debug|Any CPU
		Release|Any CPU = Release|Any CPU
	EndGlobalSection
	GlobalSection(ProjectConfigurationPlatforms) = postSolution
		{EFE76047-9136-40C8-AE58-CBB6FD1571F5}.Debug|Any CPU.ActiveCfg = Debug|Any CPU
		{EFE76047-9136-40C8-AE58-CBB6FD1571F5}.Debug|Any CPU.Build.0 = Debug|Any CPU
		{EFE76047-9136-40C8-AE58-CBB6FD1571F5}.Release|Any CPU.ActiveCfg = Release|Any CPU
		{EFE76047-9136-40C8-AE58-CBB6FD1571F5}.Release|Any CPU.Build.0 = Release|Any CPU
	EndGlobalSection
EndGlobal
